
Microsoft Visual Studio Solution File, Format Version 12.00
# Visual Studio Version 16
VisualStudioVersion = 16.0.29613.14
MinimumVisualStudioVersion = 10.0.40219.1
Project("{9A19103F-16F7-4668-BE54-9A1E7A4F7556}") = "SQLDBAccess", "SQLDBAccess\SQLDBAccess.csproj", "{6CB181CE-4E55-4669-9B63-B2AE23753FBD}"
EndProject
Project("{9A19103F-16F7-4668-BE54-9A1E7A4F7556}") = "Melanchall.DryWetMidi", "DryWetMidi\Melanchall.DryWetMidi.csproj", "{1F405654-AE80-46CF-AA4E-6385CC1E458A}"
EndProject
Project("{9A19103F-16F7-4668-BE54-9A1E7A4F7556}") = "Plagiator.Music", "Plagiator.Music\Plagiator.Music.csproj", "{03BFFDA5-AE59-4731-86CE-564C90950483}"
EndProject
Project("{9A19103F-16F7-4668-BE54-9A1E7A4F7556}") = "NUnitTests", "NUnitTests\NUnitTests.csproj", "{628583ED-0EF7-4FE1-8B76-F4FE4BE6600D}"
EndProject
Project("{9A19103F-16F7-4668-BE54-9A1E7A4F7556}") = "Plagiator.Models", "Plagiator.Models\Plagiator.Models.csproj", "{14C45311-E875-4F99-9CEE-8046A800178E}"
EndProject
Project("{FAE04EC0-301F-11D3-BF4B-00C04F79EFBC}") = "Plagiator.Midi", "Plagiator.Midi\Plagiator.Midi.csproj", "{4C58C527-914F-40D4-8027-E4AE7A615C32}"
EndProject
Project("{FAE04EC0-301F-11D3-BF4B-00C04F79EFBC}") = "Plagiator.Persistence", "Plagiator.Persistence\Plagiator.Persistence.csproj", "{1143BF5C-9099-434E-AB24-48F5E7E69E1A}"
EndProject
Project("{FAE04EC0-301F-11D3-BF4B-00C04F79EFBC}") = "Plagiator.Api", "Plagiator.Api\Plagiator.Api.csproj", "{633D9516-B84D-4269-AEAD-4D12CDFB0666}"
EndProject
Global
	GlobalSection(SolutionConfigurationPlatforms) = preSolution
		Debug|Any CPU = Debug|Any CPU
		Release|Any CPU = Release|Any CPU
	EndGlobalSection
	GlobalSection(ProjectConfigurationPlatforms) = postSolution
		{6CB181CE-4E55-4669-9B63-B2AE23753FBD}.Debug|Any CPU.ActiveCfg = Debug|Any CPU
		{6CB181CE-4E55-4669-9B63-B2AE23753FBD}.Debug|Any CPU.Build.0 = Debug|Any CPU
		{6CB181CE-4E55-4669-9B63-B2AE23753FBD}.Release|Any CPU.ActiveCfg = Release|Any CPU
		{6CB181CE-4E55-4669-9B63-B2AE23753FBD}.Release|Any CPU.Build.0 = Release|Any CPU
		{1F405654-AE80-46CF-AA4E-6385CC1E458A}.Debug|Any CPU.ActiveCfg = Debug|Any CPU
		{1F405654-AE80-46CF-AA4E-6385CC1E458A}.Debug|Any CPU.Build.0 = Debug|Any CPU
		{1F405654-AE80-46CF-AA4E-6385CC1E458A}.Release|Any CPU.ActiveCfg = Release|Any CPU
		{1F405654-AE80-46CF-AA4E-6385CC1E458A}.Release|Any CPU.Build.0 = Release|Any CPU
		{03BFFDA5-AE59-4731-86CE-564C90950483}.Debug|Any CPU.ActiveCfg = Debug|Any CPU
		{03BFFDA5-AE59-4731-86CE-564C90950483}.Debug|Any CPU.Build.0 = Debug|Any CPU
		{03BFFDA5-AE59-4731-86CE-564C90950483}.Release|Any CPU.ActiveCfg = Release|Any CPU
		{03BFFDA5-AE59-4731-86CE-564C90950483}.Release|Any CPU.Build.0 = Release|Any CPU
		{628583ED-0EF7-4FE1-8B76-F4FE4BE6600D}.Debug|Any CPU.ActiveCfg = Debug|Any CPU
		{628583ED-0EF7-4FE1-8B76-F4FE4BE6600D}.Debug|Any CPU.Build.0 = Debug|Any CPU
		{628583ED-0EF7-4FE1-8B76-F4FE4BE6600D}.Release|Any CPU.ActiveCfg = Release|Any CPU
		{628583ED-0EF7-4FE1-8B76-F4FE4BE6600D}.Release|Any CPU.Build.0 = Release|Any CPU
		{14C45311-E875-4F99-9CEE-8046A800178E}.Debug|Any CPU.ActiveCfg = Debug|Any CPU
		{14C45311-E875-4F99-9CEE-8046A800178E}.Debug|Any CPU.Build.0 = Debug|Any CPU
		{14C45311-E875-4F99-9CEE-8046A800178E}.Release|Any CPU.ActiveCfg = Release|Any CPU
		{14C45311-E875-4F99-9CEE-8046A800178E}.Release|Any CPU.Build.0 = Release|Any CPU
		{4C58C527-914F-40D4-8027-E4AE7A615C32}.Debug|Any CPU.ActiveCfg = Debug|Any CPU
		{4C58C527-914F-40D4-8027-E4AE7A615C32}.Debug|Any CPU.Build.0 = Debug|Any CPU
		{4C58C527-914F-40D4-8027-E4AE7A615C32}.Release|Any CPU.ActiveCfg = Release|Any CPU
		{4C58C527-914F-40D4-8027-E4AE7A615C32}.Release|Any CPU.Build.0 = Release|Any CPU
		{1143BF5C-9099-434E-AB24-48F5E7E69E1A}.Debug|Any CPU.ActiveCfg = Debug|Any CPU
		{1143BF5C-9099-434E-AB24-48F5E7E69E1A}.Debug|Any CPU.Build.0 = Debug|Any CPU
		{1143BF5C-9099-434E-AB24-48F5E7E69E1A}.Release|Any CPU.ActiveCfg = Release|Any CPU
		{1143BF5C-9099-434E-AB24-48F5E7E69E1A}.Release|Any CPU.Build.0 = Release|Any CPU
		{633D9516-B84D-4269-AEAD-4D12CDFB0666}.Debug|Any CPU.ActiveCfg = Debug|Any CPU
		{633D9516-B84D-4269-AEAD-4D12CDFB0666}.Debug|Any CPU.Build.0 = Debug|Any CPU
		{633D9516-B84D-4269-AEAD-4D12CDFB0666}.Release|Any CPU.ActiveCfg = Release|Any CPU
		{633D9516-B84D-4269-AEAD-4D12CDFB0666}.Release|Any CPU.Build.0 = Release|Any CPU
	EndGlobalSection
	GlobalSection(SolutionProperties) = preSolution
		HideSolutionNode = FALSE
	EndGlobalSection
	GlobalSection(ExtensibilityGlobals) = postSolution
		SolutionGuid = {49A26867-DBD0-486B-9E40-54B53F58AE38}
	EndGlobalSection
EndGlobal
